
Microsoft Visual Studio Solution File, Format Version 12.00
# Visual Studio Version 16
VisualStudioVersion = 16.0.29911.84
MinimumVisualStudioVersion = 10.0.40219.1
Project("{9A19103F-16F7-4668-BE54-9A1E7A4F7556}") = "HaakRandomizer", "HaakRandomizer.csproj", "{78A27D07-951B-4603-964A-DE4F4F33A508}"
EndProject
Global
	GlobalSection(SolutionConfigurationPlatforms) = preSolution
		Debug|Any CPU = Debug|Any CPU
		Release|Any CPU = Release|Any CPU
	EndGlobalSection
	GlobalSection(ProjectConfigurationPlatforms) = postSolution
		{78A27D07-951B-4603-964A-DE4F4F33A508}.Debug|Any CPU.ActiveCfg = Debug|Any CPU
		{78A27D07-951B-4603-964A-DE4F4F33A508}.Debug|Any CPU.Build.0 = Debug|Any CPU
		{78A27D07-951B-4603-964A-DE4F4F33A508}.Release|Any CPU.ActiveCfg = Release|Any CPU
		{78A27D07-951B-4603-964A-DE4F4F33A508}.Release|Any CPU.Build.0 = Release|Any CPU
	EndGlobalSection
	GlobalSection(SolutionProperties) = preSolution
		HideSolutionNode = FALSE
	EndGlobalSection
	GlobalSection(ExtensibilityGlobals) = postSolution
		SolutionGuid = {179A8296-711A-4C0E-A7B0-E04763ED7440}
	EndGlobalSection
EndGlobal
